version = 1
revision = 3
requires-python = ">=3.13"

[[package]]
name = "driver"
version = "0.1.0"
source = { virtual = "." }
dependencies = [
    { name = "pybullet" },
]

[package.metadata]
requires-dist = [{ name = "pybullet", specifier = ">=3.2.7" }]

[[package]]
name = "pybullet"
version = "3.2.7"
source = { registry = "https://pypi.org/simple" }
sdist = { url = "https://files.pythonhosted.org/packages/de/95/b9a98cd4ed948d4f25a7d0b13cb0c1f87e58dc6d113be9e18940641eb25f/pybullet-3.2.7.tar.gz", hash = "sha256:042879db8d101ac7590dee475fc6aded508b85fe1273fdbbfde1d88bd200e14f", size = 80508379, upload-time = "2025-01-30T00:34:00.527Z" }
